
Microsoft Visual Studio Solution File, Format Version 12.00
# Visual Studio Version 17
VisualStudioVersion = 17.13.35931.197 d17.13
MinimumVisualStudioVersion = 10.0.40219.1
Project("{FAE04EC0-301F-11D3-BF4B-00C04F79EFBC}") = "Emperor File Explorer", "Emperor File Explorer.csproj", "{57B5C9EE-6BED-4435-B904-CB4778360DF6}"
EndProject
Global
	GlobalSection(SolutionConfigurationPlatforms) = preSolution
		Debug|Any CPU = Debug|Any CPU
		Release|Any CPU = Release|Any CPU
	EndGlobalSection
	GlobalSection(ProjectConfigurationPlatforms) = postSolution
		{57B5C9EE-6BED-4435-B904-CB4778360DF6}.Debug|Any CPU.ActiveCfg = Debug|Any CPU
		{57B5C9EE-6BED-4435-B904-CB4778360DF6}.Debug|Any CPU.Build.0 = Debug|Any CPU
		{57B5C9EE-6BED-4435-B904-CB4778360DF6}.Release|Any CPU.ActiveCfg = Release|Any CPU
		{57B5C9EE-6BED-4435-B904-CB4778360DF6}.Release|Any CPU.Build.0 = Release|Any CPU
	EndGlobalSection
	GlobalSection(SolutionProperties) = preSolution
		HideSolutionNode = FALSE
	EndGlobalSection
	GlobalSection(ExtensibilityGlobals) = postSolution
		SolutionGuid = {D42A9226-7497-4B43-9F50-F195F64502A9}
	EndGlobalSection
EndGlobal
